{
  "originHash" : "df4378e0c8cb10153a4d2f6147d95927b4e3b9307fc4777eda4ec81e656243be",
  "pins" : [
    {
      "identity" : "ausweisapp2-sdk-ios",
      "kind" : "remoteSourceControl",
      "location" : "https://github.com/Governikus/AusweisApp2-SDK-iOS",
      "state" : {
        "revision" : "9b01b0b3bab1be0173c6ca0817eda72ff9d55293",
        "version" : "2.2.0"
      }
    },
    {
      "identity" : "ausweisapp2wrapper-ios-spm",
      "kind" : "remoteSourceControl",
      "location" : "https://github.com/Governikus/AusweisApp2Wrapper-iOS-SPM",
      "state" : {
        "revision" : "97b799489b140a8cdec6c4da7f15d010a17a784b",
        "version" : "2.2.0"
      }
    }
  ],
  "version" : 3
}
