{
  "originHash" : "960feb7448c71ba4f43ff1d60a9f56fd008a6eb497bab132debb25b9213d1779",
  "pins" : [
    {
      "identity" : "ausweisapp2-sdk-ios",
      "kind" : "remoteSourceControl",
      "location" : "https://github.com/Governikus/AusweisApp2-SDK-iOS",
      "state" : {
        "revision" : "91339bd6bf358278f3e707a11782eefdb0ff7418",
        "version" : "2.2.1"
      }
    },
    {
      "identity" : "ausweisapp2wrapper-ios-spm",
      "kind" : "remoteSourceControl",
      "location" : "https://github.com/Governikus/AusweisApp2Wrapper-iOS-SPM",
      "state" : {
        "revision" : "dea1239381e39e7bfdef463d24c640b195f89819",
        "version" : "2.2.1"
      }
    }
  ],
  "version" : 3
}
